
Microsoft Visual Studio Solution File, Format Version 12.00
# Visual Studio Version 16
VisualStudioVersion = 16.0.31911.196
MinimumVisualStudioVersion = 10.0.40219.1
Project("{778DAE3C-4631-46EA-AA77-85C1314464D9}") = "Calculator", "Calculator.vbproj", "{147D8C21-58BF-4789-9732-40229BA451C2}"
EndProject
Global
	GlobalSection(SolutionConfigurationPlatforms) = preSolution
		Debug|Any CPU = Debug|Any CPU
		Release|Any CPU = Release|Any CPU
	EndGlobalSection
	GlobalSection(ProjectConfigurationPlatforms) = postSolution
		{147D8C21-58BF-4789-9732-40229BA451C2}.Debug|Any CPU.ActiveCfg = Debug|Any CPU
		{147D8C21-58BF-4789-9732-40229BA451C2}.Debug|Any CPU.Build.0 = Debug|Any CPU
		{147D8C21-58BF-4789-9732-40229BA451C2}.Release|Any CPU.ActiveCfg = Release|Any CPU
		{147D8C21-58BF-4789-9732-40229BA451C2}.Release|Any CPU.Build.0 = Release|Any CPU
	EndGlobalSection
	GlobalSection(SolutionProperties) = preSolution
		HideSolutionNode = FALSE
	EndGlobalSection
	GlobalSection(ExtensibilityGlobals) = postSolution
		SolutionGuid = {DA919530-4F02-4507-A166-1FC666F79765}
	EndGlobalSection
EndGlobal
